
Microsoft Visual Studio Solution File, Format Version 12.00
# Visual Studio 2013
VisualStudioVersion = 12.0.21005.1
MinimumVisualStudioVersion = 10.0.40219.1
Project("{FAE04EC0-301F-11D3-BF4B-00C04F79EFBC}") = "phians_laboratoryV1", "phians_laboratory\phians_laboratoryV1.csproj", "{4C8BAB6F-F107-4A25-B873-1AA41BD85360}"
	ProjectSection(ProjectDependencies) = postProject
		{B551C389-A244-48DD-AC43-AE2C014D2A4D} = {B551C389-A244-48DD-AC43-AE2C014D2A4D}
		{50D79F91-6562-4E6D-8928-7918A288710D} = {50D79F91-6562-4E6D-8928-7918A288710D}
		{31A8F6BB-AA28-4055-924F-CED966E5BE81} = {31A8F6BB-AA28-4055-924F-CED966E5BE81}
		{16EA19BE-2D36-4F19-9839-CAA1E112C13C} = {16EA19BE-2D36-4F19-9839-CAA1E112C13C}
	EndProjectSection
EndProject
Project("{2150E333-8FDC-42A3-9474-1A3956D46DE8}") = "Common", "Common", "{C90CC285-61A0-4E85-8647-1508ABD9DB59}"
EndProject
Project("{FAE04EC0-301F-11D3-BF4B-00C04F79EFBC}") = "PhiansCommon", "PhiansCommon\PhiansCommon.csproj", "{31A8F6BB-AA28-4055-924F-CED966E5BE81}"
EndProject
Project("{2150E333-8FDC-42A3-9474-1A3956D46DE8}") = "Entity", "Entity", "{30237456-205D-4558-B46B-9FF65CA82D9C}"
EndProject
Project("{FAE04EC0-301F-11D3-BF4B-00C04F79EFBC}") = "Phians_Entity", "Phians_Entity\Phians_Entity.csproj", "{B551C389-A244-48DD-AC43-AE2C014D2A4D}"
EndProject
Project("{2150E333-8FDC-42A3-9474-1A3956D46DE8}") = "DAL", "DAL", "{EAC6344C-429C-4D24-86CF-738EC791E63C}"
EndProject
Project("{FAE04EC0-301F-11D3-BF4B-00C04F79EFBC}") = "Phians_DAL", "Phians_DAL\Phians_DAL.csproj", "{16EA19BE-2D36-4F19-9839-CAA1E112C13C}"
	ProjectSection(ProjectDependencies) = postProject
		{5E94D50A-6027-49C0-B9C0-0DEBC6AF9FD4} = {5E94D50A-6027-49C0-B9C0-0DEBC6AF9FD4}
		{B551C389-A244-48DD-AC43-AE2C014D2A4D} = {B551C389-A244-48DD-AC43-AE2C014D2A4D}
		{153821AF-C020-4B54-A696-CD4D1838C2B3} = {153821AF-C020-4B54-A696-CD4D1838C2B3}
		{31A8F6BB-AA28-4055-924F-CED966E5BE81} = {31A8F6BB-AA28-4055-924F-CED966E5BE81}
	EndProjectSection
EndProject
Project("{2150E333-8FDC-42A3-9474-1A3956D46DE8}") = "BLL", "BLL", "{E7262440-BD4D-43AB-AED3-E23171AD3BE9}"
EndProject
Project("{FAE04EC0-301F-11D3-BF4B-00C04F79EFBC}") = "Phians_BLL", "Phians_BLL\Phians_BLL.csproj", "{50D79F91-6562-4E6D-8928-7918A288710D}"
	ProjectSection(ProjectDependencies) = postProject
		{5E94D50A-6027-49C0-B9C0-0DEBC6AF9FD4} = {5E94D50A-6027-49C0-B9C0-0DEBC6AF9FD4}
		{B551C389-A244-48DD-AC43-AE2C014D2A4D} = {B551C389-A244-48DD-AC43-AE2C014D2A4D}
		{153821AF-C020-4B54-A696-CD4D1838C2B3} = {153821AF-C020-4B54-A696-CD4D1838C2B3}
		{31A8F6BB-AA28-4055-924F-CED966E5BE81} = {31A8F6BB-AA28-4055-924F-CED966E5BE81}
	EndProjectSection
EndProject
Project("{FAE04EC0-301F-11D3-BF4B-00C04F79EFBC}") = "Phans_DAL_DALFactory", "DALFactory\Phans_DAL_DALFactory.csproj", "{5E94D50A-6027-49C0-B9C0-0DEBC6AF9FD4}"
	ProjectSection(ProjectDependencies) = postProject
		{B551C389-A244-48DD-AC43-AE2C014D2A4D} = {B551C389-A244-48DD-AC43-AE2C014D2A4D}
		{153821AF-C020-4B54-A696-CD4D1838C2B3} = {153821AF-C020-4B54-A696-CD4D1838C2B3}
	EndProjectSection
EndProject
Project("{FAE04EC0-301F-11D3-BF4B-00C04F79EFBC}") = "Phans_DAL_INTERFACE", "Phans_DAL_INTERFACE\Phans_DAL_INTERFACE.csproj", "{153821AF-C020-4B54-A696-CD4D1838C2B3}"
	ProjectSection(ProjectDependencies) = postProject
		{B551C389-A244-48DD-AC43-AE2C014D2A4D} = {B551C389-A244-48DD-AC43-AE2C014D2A4D}
	EndProjectSection
EndProject
Project("{FAE04EC0-301F-11D3-BF4B-00C04F79EFBC}") = "PetaPoco", "PetaPoco\PetaPoco.csproj", "{33699753-151D-4100-8F12-9AE1AEB5C5BD}"
EndProject
Global
	GlobalSection(SolutionConfigurationPlatforms) = preSolution
		Debug|Any CPU = Debug|Any CPU
		Release|Any CPU = Release|Any CPU
	EndGlobalSection
	GlobalSection(ProjectConfigurationPlatforms) = postSolution
		{4C8BAB6F-F107-4A25-B873-1AA41BD85360}.Debug|Any CPU.ActiveCfg = Debug|Any CPU
		{4C8BAB6F-F107-4A25-B873-1AA41BD85360}.Debug|Any CPU.Build.0 = Debug|Any CPU
		{4C8BAB6F-F107-4A25-B873-1AA41BD85360}.Release|Any CPU.ActiveCfg = Release|Any CPU
		{4C8BAB6F-F107-4A25-B873-1AA41BD85360}.Release|Any CPU.Build.0 = Release|Any CPU
		{31A8F6BB-AA28-4055-924F-CED966E5BE81}.Debug|Any CPU.ActiveCfg = Debug|Any CPU
		{31A8F6BB-AA28-4055-924F-CED966E5BE81}.Debug|Any CPU.Build.0 = Debug|Any CPU
		{31A8F6BB-AA28-4055-924F-CED966E5BE81}.Release|Any CPU.ActiveCfg = Release|Any CPU
		{31A8F6BB-AA28-4055-924F-CED966E5BE81}.Release|Any CPU.Build.0 = Release|Any CPU
		{B551C389-A244-48DD-AC43-AE2C014D2A4D}.Debug|Any CPU.ActiveCfg = Debug|Any CPU
		{B551C389-A244-48DD-AC43-AE2C014D2A4D}.Debug|Any CPU.Build.0 = Debug|Any CPU
		{B551C389-A244-48DD-AC43-AE2C014D2A4D}.Release|Any CPU.ActiveCfg = Release|Any CPU
		{B551C389-A244-48DD-AC43-AE2C014D2A4D}.Release|Any CPU.Build.0 = Release|Any CPU
		{16EA19BE-2D36-4F19-9839-CAA1E112C13C}.Debug|Any CPU.ActiveCfg = Debug|Any CPU
		{16EA19BE-2D36-4F19-9839-CAA1E112C13C}.Debug|Any CPU.Build.0 = Debug|Any CPU
		{16EA19BE-2D36-4F19-9839-CAA1E112C13C}.Release|Any CPU.ActiveCfg = Release|Any CPU
		{16EA19BE-2D36-4F19-9839-CAA1E112C13C}.Release|Any CPU.Build.0 = Release|Any CPU
		{50D79F91-6562-4E6D-8928-7918A288710D}.Debug|Any CPU.ActiveCfg = Debug|Any CPU
		{50D79F91-6562-4E6D-8928-7918A288710D}.Debug|Any CPU.Build.0 = Debug|Any CPU
		{50D79F91-6562-4E6D-8928-7918A288710D}.Release|Any CPU.ActiveCfg = Release|Any CPU
		{50D79F91-6562-4E6D-8928-7918A288710D}.Release|Any CPU.Build.0 = Release|Any CPU
		{5E94D50A-6027-49C0-B9C0-0DEBC6AF9FD4}.Debug|Any CPU.ActiveCfg = Debug|Any CPU
		{5E94D50A-6027-49C0-B9C0-0DEBC6AF9FD4}.Debug|Any CPU.Build.0 = Debug|Any CPU
		{5E94D50A-6027-49C0-B9C0-0DEBC6AF9FD4}.Release|Any CPU.ActiveCfg = Release|Any CPU
		{5E94D50A-6027-49C0-B9C0-0DEBC6AF9FD4}.Release|Any CPU.Build.0 = Release|Any CPU
		{153821AF-C020-4B54-A696-CD4D1838C2B3}.Debug|Any CPU.ActiveCfg = Debug|Any CPU
		{153821AF-C020-4B54-A696-CD4D1838C2B3}.Debug|Any CPU.Build.0 = Debug|Any CPU
		{153821AF-C020-4B54-A696-CD4D1838C2B3}.Release|Any CPU.ActiveCfg = Release|Any CPU
		{153821AF-C020-4B54-A696-CD4D1838C2B3}.Release|Any CPU.Build.0 = Release|Any CPU
		{33699753-151D-4100-8F12-9AE1AEB5C5BD}.Debug|Any CPU.ActiveCfg = Debug|Any CPU
		{33699753-151D-4100-8F12-9AE1AEB5C5BD}.Debug|Any CPU.Build.0 = Debug|Any CPU
		{33699753-151D-4100-8F12-9AE1AEB5C5BD}.Release|Any CPU.ActiveCfg = Release|Any CPU
		{33699753-151D-4100-8F12-9AE1AEB5C5BD}.Release|Any CPU.Build.0 = Release|Any CPU
	EndGlobalSection
	GlobalSection(SolutionProperties) = preSolution
		HideSolutionNode = FALSE
	EndGlobalSection
	GlobalSection(NestedProjects) = preSolution
		{31A8F6BB-AA28-4055-924F-CED966E5BE81} = {C90CC285-61A0-4E85-8647-1508ABD9DB59}
		{B551C389-A244-48DD-AC43-AE2C014D2A4D} = {30237456-205D-4558-B46B-9FF65CA82D9C}
		{16EA19BE-2D36-4F19-9839-CAA1E112C13C} = {EAC6344C-429C-4D24-86CF-738EC791E63C}
		{5E94D50A-6027-49C0-B9C0-0DEBC6AF9FD4} = {EAC6344C-429C-4D24-86CF-738EC791E63C}
		{153821AF-C020-4B54-A696-CD4D1838C2B3} = {EAC6344C-429C-4D24-86CF-738EC791E63C}
		{33699753-151D-4100-8F12-9AE1AEB5C5BD} = {EAC6344C-429C-4D24-86CF-738EC791E63C}
		{50D79F91-6562-4E6D-8928-7918A288710D} = {E7262440-BD4D-43AB-AED3-E23171AD3BE9}
	EndGlobalSection
	GlobalSection(ExtensibilityGlobals) = postSolution
		SolutionGuid = {C68430CA-B10D-4A4F-8D1A-B274E6160CF7}
	EndGlobalSection
EndGlobal
